
Microsoft Visual Studio Solution File, Format Version 12.00
# Visual Studio Version 16
VisualStudioVersion = 16.0.30615.102
MinimumVisualStudioVersion = 10.0.40219.1
Project("{9A19103F-16F7-4668-BE54-9A1E7A4F7556}") = "SkiaSharpSampleApp", "SkiaSharpSampleApp.csproj", "{38EA978D-547A-4882-A602-0FCBE7AEC785}"
EndProject
Global
	GlobalSection(SolutionConfigurationPlatforms) = preSolution
		Debug|Any CPU = Debug|Any CPU
		Release|Any CPU = Release|Any CPU
	EndGlobalSection
	GlobalSection(ProjectConfigurationPlatforms) = postSolution
		{38EA978D-547A-4882-A602-0FCBE7AEC785}.Debug|Any CPU.ActiveCfg = Debug|Any CPU
		{38EA978D-547A-4882-A602-0FCBE7AEC785}.Debug|Any CPU.Build.0 = Debug|Any CPU
		{38EA978D-547A-4882-A602-0FCBE7AEC785}.Release|Any CPU.ActiveCfg = Release|Any CPU
		{38EA978D-547A-4882-A602-0FCBE7AEC785}.Release|Any CPU.Build.0 = Release|Any CPU
	EndGlobalSection
	GlobalSection(SolutionProperties) = preSolution
		HideSolutionNode = FALSE
	EndGlobalSection
	GlobalSection(ExtensibilityGlobals) = postSolution
		SolutionGuid = {AAE808CB-414B-4253-A0BC-E7B19834D15E}
	EndGlobalSection
EndGlobal
